// !$*UTF8*$!
{
	archiveVersion = 1;
	classes = {
	};
	objectVersion = 46;
	objects = {

/* Begin PBXBuildFile section */
		6A32D5D41D4ABF9F002152B6 /* AppDelegate.swift in Sources */ = {isa = PBXBuildFile; fileRef = 6A32D5D31D4ABF9F002152B6 /* AppDelegate.swift */; };
		6A32D5D61D4ABF9F002152B6 /* ViewController.swift in Sources */ = {isa = PBXBuildFile; fileRef = 6A32D5D51D4ABF9F002152B6 /* ViewController.swift */; };
		6A32D5DC1D4ABF9F002152B6 /* pokedex.xcdatamodeld in Sources */ = {isa = PBXBuildFile; fileRef = 6A32D5DA1D4ABF9F002152B6 /* pokedex.xcdatamodeld */; };
		6A32D5DE1D4ABF9F002152B6 /* Assets.xcassets in Resources */ = {isa = PBXBuildFile; fileRef = 6A32D5DD1D4ABF9F002152B6 /* Assets.xcassets */; };
		6A32D5E11D4ABF9F002152B6 /* LaunchScreen.storyboard in Resources */ = {isa = PBXBuildFile; fileRef = 6A32D5DF1D4ABF9F002152B6 /* LaunchScreen.storyboard */; };
		6A32D5E91D4BAF59002152B6 /* pokemon.csv in Resources */ = {isa = PBXBuildFile; fileRef = 6A32D5E81D4BAF59002152B6 /* pokemon.csv */; };
		6A32D5EE1D4BB614002152B6 /* Pokemon.swift in Sources */ = {isa = PBXBuildFile; fileRef = 6A32D5ED1D4BB614002152B6 /* Pokemon.swift */; };
		6A32D5F01D4BDB77002152B6 /* PokeCell.swift in Sources */ = {isa = PBXBuildFile; fileRef = 6A32D5EF1D4BDB77002152B6 /* PokeCell.swift */; };
		6A32D5F21D4BF6AA002152B6 /* csv.swift in Sources */ = {isa = PBXBuildFile; fileRef = 6A32D5F11D4BF6AA002152B6 /* csv.swift */; };
		6A33ED871D524C220064AF91 /* PokemonDetailVC.swift in Sources */ = {isa = PBXBuildFile; fileRef = 6A33ED861D524C220064AF91 /* PokemonDetailVC.swift */; };
		6A33ED8A1D5256290064AF91 /* Main.storyboard in Resources */ = {isa = PBXBuildFile; fileRef = 6A33ED881D5256290064AF91 /* Main.storyboard */; };
		6AAF11271D5297D200535219 /* Constants.swift in Sources */ = {isa = PBXBuildFile; fileRef = 6AAF11261D5297D200535219 /* Constants.swift */; };
		6AC7F04C1D4C01BF00541D70 /* PokemonSolid.ttf in Resources */ = {isa = PBXBuildFile; fileRef = 6AC7F04B1D4C01BF00541D70 /* PokemonSolid.ttf */; };
		6AC7F04E1D4C1AAE00541D70 /* music.mp3 in Resources */ = {isa = PBXBuildFile; fileRef = 6AC7F04D1D4C1AAE00541D70 /* music.mp3 */; };
		802A59E1A88584ECFD27BE0E /* Pods_pokedex.framework in Frameworks */ = {isa = PBXBuildFile; fileRef = 5CCAF686B983FB145A2B2F4D /* Pods_pokedex.framework */; };
/* End PBXBuildFile section */

/* Begin PBXFileReference section */
		5CCAF686B983FB145A2B2F4D /* Pods_pokedex.framework */ = {isa = PBXFileReference; explicitFileType = wrapper.framework; includeInIndex = 0; path = Pods_pokedex.framework; sourceTree = BUILT_PRODUCTS_DIR; };
		6A32D5D01D4ABF9F002152B6 /* pokedex.app */ = {isa = PBXFileReference; explicitFileType = wrapper.application; includeInIndex = 0; path = pokedex.app; sourceTree = BUILT_PRODUCTS_DIR; };
		6A32D5D31D4ABF9F002152B6 /* AppDelegate.swift */ = {isa = PBXFileReference; lastKnownFileType = sourcecode.swift; path = AppDelegate.swift; sourceTree = "<group>"; };
		6A32D5D51D4ABF9F002152B6 /* ViewController.swift */ = {isa = PBXFileReference; lastKnownFileType = sourcecode.swift; path = ViewController.swift; sourceTree = "<group>"; };
		6A32D5DB1D4ABF9F002152B6 /* pokedex.xcdatamodel */ = {isa = PBXFileReference; lastKnownFileType = wrapper.xcdatamodel; path = pokedex.xcdatamodel; sourceTree = "<group>"; };
		6A32D5DD1D4ABF9F002152B6 /* Assets.xcassets */ = {isa = PBXFileReference; lastKnownFileType = folder.assetcatalog; path = Assets.xcassets; sourceTree = "<group>"; };
		6A32D5E01D4ABF9F002152B6 /* Base */ = {isa = PBXFileReference; lastKnownFileType = file.storyboard; name = Base; path = Base.lproj/LaunchScreen.storyboard; sourceTree = "<group>"; };
		6A32D5E21D4ABF9F002152B6 /* Info.plist */ = {isa = PBXFileReference; lastKnownFileType = text.plist.xml; path = Info.plist; sourceTree = "<group>"; };
		6A32D5E81D4BAF59002152B6 /* pokemon.csv */ = {isa = PBXFileReference; fileEncoding = 4; lastKnownFileType = text; path = pokemon.csv; sourceTree = "<group>"; };
		6A32D5ED1D4BB614002152B6 /* Pokemon.swift */ = {isa = PBXFileReference; fileEncoding = 4; lastKnownFileType = sourcecode.swift; path = Pokemon.swift; sourceTree = "<group>"; };
		6A32D5EF1D4BDB77002152B6 /* PokeCell.swift */ = {isa = PBXFileReference; fileEncoding = 4; lastKnownFileType = sourcecode.swift; path = PokeCell.swift; sourceTree = "<group>"; };
		6A32D5F11D4BF6AA002152B6 /* csv.swift */ = {isa = PBXFileReference; fileEncoding = 4; lastKnownFileType = sourcecode.swift; path = csv.swift; sourceTree = "<group>"; };
		6A33ED861D524C220064AF91 /* PokemonDetailVC.swift */ = {isa = PBXFileReference; fileEncoding = 4; lastKnownFileType = sourcecode.swift; path = PokemonDetailVC.swift; sourceTree = "<group>"; };
		6A33ED891D5256290064AF91 /* Base */ = {isa = PBXFileReference; lastKnownFileType = file.storyboard; name = Base; path = Base.lproj/Main.storyboard; sourceTree = "<group>"; };
		6AAF11261D5297D200535219 /* Constants.swift */ = {isa = PBXFileReference; fileEncoding = 4; lastKnownFileType = sourcecode.swift; path = Constants.swift; sourceTree = "<group>"; };
		6AC7F04B1D4C01BF00541D70 /* PokemonSolid.ttf */ = {isa = PBXFileReference; lastKnownFileType = file; path = PokemonSolid.ttf; sourceTree = "<group>"; };
		6AC7F04D1D4C1AAE00541D70 /* music.mp3 */ = {isa = PBXFileReference; lastKnownFileType = audio.mp3; path = music.mp3; sourceTree = "<group>"; };
		A5A9FEAB5BFE265C0B54534C /* Pods-pokedex.debug.xcconfig */ = {isa = PBXFileReference; includeInIndex = 1; lastKnownFileType = text.xcconfig; name = "Pods-pokedex.debug.xcconfig"; path = "Pods/Target Support Files/Pods-pokedex/Pods-pokedex.debug.xcconfig"; sourceTree = "<group>"; };
		EB937F2CF3D70D65225502D1 /* Pods-pokedex.release.xcconfig */ = {isa = PBXFileReference; includeInIndex = 1; lastKnownFileType = text.xcconfig; name = "Pods-pokedex.release.xcconfig"; path = "Pods/Target Support Files/Pods-pokedex/Pods-pokedex.release.xcconfig"; sourceTree = "<group>"; };
/* End PBXFileReference section */

/* Begin PBXFrameworksBuildPhase section */
		6A32D5CD1D4ABF9F002152B6 /* Frameworks */ = {
			isa = PBXFrameworksBuildPhase;
			buildActionMask = 2147483647;
			files = (
				802A59E1A88584ECFD27BE0E /* Pods_pokedex.framework in Frameworks */,
			);
			runOnlyForDeploymentPostprocessing = 0;
		};
/* End PBXFrameworksBuildPhase section */

/* Begin PBXGroup section */
		5181F12D7CF38BD0A184AA10 /* Frameworks */ = {
			isa = PBXGroup;
			children = (
				5CCAF686B983FB145A2B2F4D /* Pods_pokedex.framework */,
			);
			name = Frameworks;
			sourceTree = "<group>";
		};
		6A32D5C71D4ABF9F002152B6 = {
			isa = PBXGroup;
			children = (
				6A32D5D21D4ABF9F002152B6 /* pokedex */,
				6A32D5D11D4ABF9F002152B6 /* Products */,
				92021DF0D875D9E8E4D4606A /* Pods */,
				5181F12D7CF38BD0A184AA10 /* Frameworks */,
			);
			sourceTree = "<group>";
		};
		6A32D5D11D4ABF9F002152B6 /* Products */ = {
			isa = PBXGroup;
			children = (
				6A32D5D01D4ABF9F002152B6 /* pokedex.app */,
			);
			name = Products;
			sourceTree = "<group>";
		};
		6A32D5D21D4ABF9F002152B6 /* pokedex */ = {
			isa = PBXGroup;
			children = (
				6A32D5EA1D4BB5E4002152B6 /* Model */,
				6A32D5EB1D4BB5EC002152B6 /* View */,
				6A32D5EC1D4BB5F3002152B6 /* Controller */,
				6A32D5F41D4BF6E7002152B6 /* Resources */,
				6A32D5F31D4BF6CF002152B6 /* Util */,
				6A32D5D31D4ABF9F002152B6 /* AppDelegate.swift */,
				6A32D5DD1D4ABF9F002152B6 /* Assets.xcassets */,
				6A32D5DF1D4ABF9F002152B6 /* LaunchScreen.storyboard */,
				6A32D5E21D4ABF9F002152B6 /* Info.plist */,
				6A32D5DA1D4ABF9F002152B6 /* pokedex.xcdatamodeld */,
			);
			path = pokedex;
			sourceTree = "<group>";
		};
		6A32D5EA1D4BB5E4002152B6 /* Model */ = {
			isa = PBXGroup;
			children = (
				6A32D5ED1D4BB614002152B6 /* Pokemon.swift */,
			);
			name = Model;
			sourceTree = "<group>";
		};
		6A32D5EB1D4BB5EC002152B6 /* View */ = {
			isa = PBXGroup;
			children = (
				6A33ED881D5256290064AF91 /* Main.storyboard */,
				6A32D5EF1D4BDB77002152B6 /* PokeCell.swift */,
			);
			name = View;
			sourceTree = "<group>";
		};
		6A32D5EC1D4BB5F3002152B6 /* Controller */ = {
			isa = PBXGroup;
			children = (
				6A32D5D51D4ABF9F002152B6 /* ViewController.swift */,
				6A33ED861D524C220064AF91 /* PokemonDetailVC.swift */,
			);
			name = Controller;
			sourceTree = "<group>";
		};
		6A32D5F31D4BF6CF002152B6 /* Util */ = {
			isa = PBXGroup;
			children = (
				6A32D5F11D4BF6AA002152B6 /* csv.swift */,
				6AAF11261D5297D200535219 /* Constants.swift */,
			);
			name = Util;
			sourceTree = "<group>";
		};
		6A32D5F41D4BF6E7002152B6 /* Resources */ = {
			isa = PBXGroup;
			children = (
				6AC7F04D1D4C1AAE00541D70 /* music.mp3 */,
				6AC7F04B1D4C01BF00541D70 /* PokemonSolid.ttf */,
				6A32D5E81D4BAF59002152B6 /* pokemon.csv */,
			);
			name = Resources;
			sourceTree = "<group>";
		};
		92021DF0D875D9E8E4D4606A /* Pods */ = {
			isa = PBXGroup;
			children = (
				A5A9FEAB5BFE265C0B54534C /* Pods-pokedex.debug.xcconfig */,
				EB937F2CF3D70D65225502D1 /* Pods-pokedex.release.xcconfig */,
			);
			name = Pods;
			sourceTree = "<group>";
		};
/* End PBXGroup section */

/* Begin PBXNativeTarget section */
		6A32D5CF1D4ABF9F002152B6 /* pokedex */ = {
			isa = PBXNativeTarget;
			buildConfigurationList = 6A32D5E51D4ABF9F002152B6 /* Build configuration list for PBXNativeTarget "pokedex" */;
			buildPhases = (
				631BEE8596939FC897EDCAFD /* [CP] Check Pods Manifest.lock */,
				6A32D5CC1D4ABF9F002152B6 /* Sources */,
				6A32D5CD1D4ABF9F002152B6 /* Frameworks */,
				6A32D5CE1D4ABF9F002152B6 /* Resources */,
				75A77A3E0F4DF120FF6F2AE8 /* [CP] Embed Pods Frameworks */,
				24BD449945D253EA8D0E9A04 /* [CP] Copy Pods Resources */,
			);
			buildRules = (
			);
			dependencies = (
			);
			name = pokedex;
			productName = pokedex;
			productReference = 6A32D5D01D4ABF9F002152B6 /* pokedex.app */;
			productType = "com.apple.product-type.application";
		};
/* End PBXNativeTarget section */

/* Begin PBXProject section */
		6A32D5C81D4ABF9F002152B6 /* Project object */ = {
			isa = PBXProject;
			attributes = {
				LastSwiftUpdateCheck = 0730;
				LastUpgradeCheck = 0730;
				ORGANIZATIONNAME = ColoApps;
				TargetAttributes = {
					6A32D5CF1D4ABF9F002152B6 = {
						CreatedOnToolsVersion = 7.3.1;
						DevelopmentTeam = TD83D4267D;
					};
				};
			};
			buildConfigurationList = 6A32D5CB1D4ABF9F002152B6 /* Build configuration list for PBXProject "pokedex" */;
			compatibilityVersion = "Xcode 3.2";
			developmentRegion = English;
			hasScannedForEncodings = 0;
			knownRegions = (
				en,
				Base,
			);
			mainGroup = 6A32D5C71D4ABF9F002152B6;
			productRefGroup = 6A32D5D11D4ABF9F002152B6 /* Products */;
			projectDirPath = "";
			projectRoot = "";
			targets = (
				6A32D5CF1D4ABF9F002152B6 /* pokedex */,
			);
		};
/* End PBXProject section */

/* Begin PBXResourcesBuildPhase section */
		6A32D5CE1D4ABF9F002152B6 /* Resources */ = {
			isa = PBXResourcesBuildPhase;
			buildActionMask = 2147483647;
			files = (
				6A32D5E11D4ABF9F002152B6 /* LaunchScreen.storyboard in Resources */,
				6A32D5DE1D4ABF9F002152B6 /* Assets.xcassets in Resources */,
				6AC7F04E1D4C1AAE00541D70 /* music.mp3 in Resources */,
				6A33ED8A1D5256290064AF91 /* Main.storyboard in Resources */,
				6A32D5E91D4BAF59002152B6 /* pokemon.csv in Resources */,
				6AC7F04C1D4C01BF00541D70 /* PokemonSolid.ttf in Resources */,
			);
			runOnlyForDeploymentPostprocessing = 0;
		};
/* End PBXResourcesBuildPhase section */

/* Begin PBXShellScriptBuildPhase section */
		24BD449945D253EA8D0E9A04 /* [CP] Copy Pods Resources */ = {
			isa = PBXShellScriptBuildPhase;
			buildActionMask = 2147483647;
			files = (
			);
			inputPaths = (
			);
			name = "[CP] Copy Pods Resources";
			outputPaths = (
			);
			runOnlyForDeploymentPostprocessing = 0;
			shellPath = /bin/sh;
			shellScript = "\"${SRCROOT}/Pods/Target Support Files/Pods-pokedex/Pods-pokedex-resources.sh\"\n";
			showEnvVarsInLog = 0;
		};
		631BEE8596939FC897EDCAFD /* [CP] Check Pods Manifest.lock */ = {
			isa = PBXShellScriptBuildPhase;
			buildActionMask = 2147483647;
			files = (
			);
			inputPaths = (
			);
			name = "[CP] Check Pods Manifest.lock";
			outputPaths = (
			);
			runOnlyForDeploymentPostprocessing = 0;
			shellPath = /bin/sh;
			shellScript = "diff \"${PODS_ROOT}/../Podfile.lock\" \"${PODS_ROOT}/Manifest.lock\" > /dev/null\nif [[ $? != 0 ]] ; then\n    cat << EOM\nerror: The sandbox is not in sync with the Podfile.lock. Run 'pod install' or update your CocoaPods installation.\nEOM\n    exit 1\nfi\n";
			showEnvVarsInLog = 0;
		};
		75A77A3E0F4DF120FF6F2AE8 /* [CP] Embed Pods Frameworks */ = {
			isa = PBXShellScriptBuildPhase;
			buildActionMask = 2147483647;
			files = (
			);
			inputPaths = (
			);
			name = "[CP] Embed Pods Frameworks";
			outputPaths = (
			);
			runOnlyForDeploymentPostprocessing = 0;
			shellPath = /bin/sh;
			shellScript = "\"${SRCROOT}/Pods/Target Support Files/Pods-pokedex/Pods-pokedex-frameworks.sh\"\n";
			showEnvVarsInLog = 0;
		};
/* End PBXShellScriptBuildPhase section */

/* Begin PBXSourcesBuildPhase section */
		6A32D5CC1D4ABF9F002152B6 /* Sources */ = {
			isa = PBXSourcesBuildPhase;
			buildActionMask = 2147483647;
			files = (
				6A32D5F21D4BF6AA002152B6 /* csv.swift in Sources */,
				6A32D5DC1D4ABF9F002152B6 /* pokedex.xcdatamodeld in Sources */,
				6A32D5EE1D4BB614002152B6 /* Pokemon.swift in Sources */,
				6A32D5D61D4ABF9F002152B6 /* ViewController.swift in Sources */,
				6A33ED871D524C220064AF91 /* PokemonDetailVC.swift in Sources */,
				6A32D5D41D4ABF9F002152B6 /* AppDelegate.swift in Sources */,
				6A32D5F01D4BDB77002152B6 /* PokeCell.swift in Sources */,
				6AAF11271D5297D200535219 /* Constants.swift in Sources */,
			);
			runOnlyForDeploymentPostprocessing = 0;
		};
/* End PBXSourcesBuildPhase section */

/* Begin PBXVariantGroup section */
		6A32D5DF1D4ABF9F002152B6 /* LaunchScreen.storyboard */ = {
			isa = PBXVariantGroup;
			children = (
				6A32D5E01D4ABF9F002152B6 /* Base */,
			);
			name = LaunchScreen.storyboard;
			sourceTree = "<group>";
		};
		6A33ED881D5256290064AF91 /* Main.storyboard */ = {
			isa = PBXVariantGroup;
			children = (
				6A33ED891D5256290064AF91 /* Base */,
			);
			name = Main.storyboard;
			sourceTree = "<group>";
		};
/* End PBXVariantGroup section */

/* Begin XCBuildConfiguration section */
		6A32D5E31D4ABF9F002152B6 /* Debug */ = {
			isa = XCBuildConfiguration;
			buildSettings = {
				ALWAYS_SEARCH_USER_PATHS = NO;
				CLANG_ANALYZER_NONNULL = YES;
				CLANG_CXX_LANGUAGE_STANDARD = "gnu++0x";
				CLANG_CXX_LIBRARY = "libc++";
				CLANG_ENABLE_MODULES = YES;
				CLANG_ENABLE_OBJC_ARC = YES;
				CLANG_WARN_BOOL_CONVERSION = YES;
				CLANG_WARN_CONSTANT_CONVERSION = YES;
				CLANG_WARN_DIRECT_OBJC_ISA_USAGE = YES_ERROR;
				CLANG_WARN_EMPTY_BODY = YES;
				CLANG_WARN_ENUM_CONVERSION = YES;
				CLANG_WARN_INT_CONVERSION = YES;
				CLANG_WARN_OBJC_ROOT_CLASS = YES_ERROR;
				CLANG_WARN_UNREACHABLE_CODE = YES;
				CLANG_WARN__DUPLICATE_METHOD_MATCH = YES;
				"CODE_SIGN_IDENTITY[sdk=iphoneos*]" = "iPhone Developer";
				COPY_PHASE_STRIP = NO;
				DEBUG_INFORMATION_FORMAT = dwarf;
				ENABLE_STRICT_OBJC_MSGSEND = YES;
				ENABLE_TESTABILITY = YES;
				GCC_C_LANGUAGE_STANDARD = gnu99;
				GCC_DYNAMIC_NO_PIC = NO;
				GCC_NO_COMMON_BLOCKS = YES;
				GCC_OPTIMIZATION_LEVEL = 0;
				GCC_PREPROCESSOR_DEFINITIONS = (
					"DEBUG=1",
					"$(inherited)",
				);
				GCC_WARN_64_TO_32_BIT_CONVERSION = YES;
				GCC_WARN_ABOUT_RETURN_TYPE = YES_ERROR;
				GCC_WARN_UNDECLARED_SELECTOR = YES;
				GCC_WARN_UNINITIALIZED_AUTOS = YES_AGGRESSIVE;
				GCC_WARN_UNUSED_FUNCTION = YES;
				GCC_WARN_UNUSED_VARIABLE = YES;
				IPHONEOS_DEPLOYMENT_TARGET = 9.3;
				MTL_ENABLE_DEBUG_INFO = YES;
				ONLY_ACTIVE_ARCH = YES;
				SDKROOT = iphoneos;
				SWIFT_OPTIMIZATION_LEVEL = "-Onone";
				TARGETED_DEVICE_FAMILY = "1,2";
			};
			name = Debug;
		};
		6A32D5E41D4ABF9F002152B6 /* Release */ = {
			isa = XCBuildConfiguration;
			buildSettings = {
				ALWAYS_SEARCH_USER_PATHS = NO;
				CLANG_ANALYZER_NONNULL = YES;
				CLANG_CXX_LANGUAGE_STANDARD = "gnu++0x";
				CLANG_CXX_LIBRARY = "libc++";
				CLANG_ENABLE_MODULES = YES;
				CLANG_ENABLE_OBJC_ARC = YES;
				CLANG_WARN_BOOL_CONVERSION = YES;
				CLANG_WARN_CONSTANT_CONVERSION = YES;
				CLANG_WARN_DIRECT_OBJC_ISA_USAGE = YES_ERROR;
				CLANG_WARN_EMPTY_BODY = YES;
				CLANG_WARN_ENUM_CONVERSION = YES;
				CLANG_WARN_INT_CONVERSION = YES;
				CLANG_WARN_OBJC_ROOT_CLASS = YES_ERROR;
				CLANG_WARN_UNREACHABLE_CODE = YES;
				CLANG_WARN__DUPLICATE_METHOD_MATCH = YES;
				"CODE_SIGN_IDENTITY[sdk=iphoneos*]" = "iPhone Developer";
				COPY_PHASE_STRIP = NO;
				DEBUG_INFORMATION_FORMAT = "dwarf-with-dsym";
				ENABLE_NS_ASSERTIONS = NO;
				ENABLE_STRICT_OBJC_MSGSEND = YES;
				GCC_C_LANGUAGE_STANDARD = gnu99;
				GCC_NO_COMMON_BLOCKS = YES;
				GCC_WARN_64_TO_32_BIT_CONVERSION = YES;
				GCC_WARN_ABOUT_RETURN_TYPE = YES_ERROR;
				GCC_WARN_UNDECLARED_SELECTOR = YES;
				GCC_WARN_UNINITIALIZED_AUTOS = YES_AGGRESSIVE;
				GCC_WARN_UNUSED_FUNCTION = YES;
				GCC_WARN_UNUSED_VARIABLE = YES;
				IPHONEOS_DEPLOYMENT_TARGET = 9.3;
				MTL_ENABLE_DEBUG_INFO = NO;
				SDKROOT = iphoneos;
				TARGETED_DEVICE_FAMILY = "1,2";
				VALIDATE_PRODUCT = YES;
			};
			name = Release;
		};
		6A32D5E61D4ABF9F002152B6 /* Debug */ = {
			isa = XCBuildConfiguration;
			baseConfigurationReference = A5A9FEAB5BFE265C0B54534C /* Pods-pokedex.debug.xcconfig */;
			buildSettings = {
				ASSETCATALOG_COMPILER_APPICON_NAME = AppIcon;
				INFOPLIST_FILE = pokedex/Info.plist;
				LD_RUNPATH_SEARCH_PATHS = "$(inherited) @executable_path/Frameworks";
				PRODUCT_BUNDLE_IDENTIFIER = com.ColoApps.pokedex;
				PRODUCT_NAME = "$(TARGET_NAME)";
			};
			name = Debug;
		};
		6A32D5E71D4ABF9F002152B6 /* Release */ = {
			isa = XCBuildConfiguration;
			baseConfigurationReference = EB937F2CF3D70D65225502D1 /* Pods-pokedex.release.xcconfig */;
			buildSettings = {
				ASSETCATALOG_COMPILER_APPICON_NAME = AppIcon;
				INFOPLIST_FILE = pokedex/Info.plist;
				LD_RUNPATH_SEARCH_PATHS = "$(inherited) @executable_path/Frameworks";
				PRODUCT_BUNDLE_IDENTIFIER = com.ColoApps.pokedex;
				PRODUCT_NAME = "$(TARGET_NAME)";
			};
			name = Release;
		};
/* End XCBuildConfiguration section */

/* Begin XCConfigurationList section */
		6A32D5CB1D4ABF9F002152B6 /* Build configuration list for PBXProject "pokedex" */ = {
			isa = XCConfigurationList;
			buildConfigurations = (
				6A32D5E31D4ABF9F002152B6 /* Debug */,
				6A32D5E41D4ABF9F002152B6 /* Release */,
			);
			defaultConfigurationIsVisible = 0;
			defaultConfigurationName = Release;
		};
		6A32D5E51D4ABF9F002152B6 /* Build configuration list for PBXNativeTarget "pokedex" */ = {
			isa = XCConfigurationList;
			buildConfigurations = (
				6A32D5E61D4ABF9F002152B6 /* Debug */,
				6A32D5E71D4ABF9F002152B6 /* Release */,
			);
			defaultConfigurationIsVisible = 0;
			defaultConfigurationName = Release;
		};
/* End XCConfigurationList section */

/* Begin XCVersionGroup section */
		6A32D5DA1D4ABF9F002152B6 /* pokedex.xcdatamodeld */ = {
			isa = XCVersionGroup;
			children = (
				6A32D5DB1D4ABF9F002152B6 /* pokedex.xcdatamodel */,
			);
			currentVersion = 6A32D5DB1D4ABF9F002152B6 /* pokedex.xcdatamodel */;
			path = pokedex.xcdatamodeld;
			sourceTree = "<group>";
			versionGroupType = wrapper.xcdatamodel;
		};
/* End XCVersionGroup section */
	};
	rootObject = 6A32D5C81D4ABF9F002152B6 /* Project object */;
}
